{
  "name": "the-botas-icon-theme",
  "version": "0.0.1",
  "lockfileVersion": 3,
  "requires": true,
  "packages": {
    "": {
      "name": "the-botas-icon-theme",
      "version": "0.0.1",
      "dependencies": {
        "@types/jsonabc": "^2.3.3"
      },
      "engines": {
        "vscode": "^1.90.0"
      }
    },
    "node_modules/@types/jsonabc": {
      "version": "2.3.3",
      "resolved": "https://registry.npmjs.org/@types/jsonabc/-/jsonabc-2.3.3.tgz",
      "integrity": "sha512-TnsXd4l4X65GsPakQjGLMQ4SqVXrVsvfzpO+0WqNxF8HLiiKA32aFD6Mas+9zjB3TScRIMhCDnkux/gm0674mg==",
      "license": "MIT"
    }
  }
}
